// !$*UTF8*$!
{
	archiveVersion = 1;
	classes = {
	};
	objectVersion = 46;
	objects = {

/* Begin PBXBuildFile section */
		23D1A1B6175CB88A00E20A60 /* VdiskError.m in Sources */ = {isa = PBXBuildFile; fileRef = 23D1A1B5175CB88A00E20A60 /* VdiskError.m */; };
		23D1A1BA175CBC8800E20A60 /* VdiskBase64.m in Sources */ = {isa = PBXBuildFile; fileRef = 23D1A1B8175CBC8800E20A60 /* VdiskBase64.m */; settings = {COMPILER_FLAGS = "-fno-objc-arc"; }; };
		23DABC53175EC5F50002D45A /* YQRestClient.m in Sources */ = {isa = PBXBuildFile; fileRef = 23DABC52175EC5F50002D45A /* YQRestClient.m */; };
		23DABC57175EC8270002D45A /* AccountInfo.m in Sources */ = {isa = PBXBuildFile; fileRef = 23DABC56175EC8270002D45A /* AccountInfo.m */; };
		23DABC7D175F43FD0002D45A /* VDiskClient.m in Sources */ = {isa = PBXBuildFile; fileRef = 23DABC7C175F43FD0002D45A /* VDiskClient.m */; };
		23DABCD9175F60DB0002D45A /* VdiskQuota.m in Sources */ = {isa = PBXBuildFile; fileRef = 23DABCD8175F60DA0002D45A /* VdiskQuota.m */; };
		23E1F8D0175B1B7900E19C6B /* UIKit.framework in Frameworks */ = {isa = PBXBuildFile; fileRef = 23E1F8CF175B1B7900E19C6B /* UIKit.framework */; };
		23E1F8D2175B1B7900E19C6B /* Foundation.framework in Frameworks */ = {isa = PBXBuildFile; fileRef = 23E1F8D1175B1B7900E19C6B /* Foundation.framework */; };
		23E1F8D4175B1B7900E19C6B /* CoreGraphics.framework in Frameworks */ = {isa = PBXBuildFile; fileRef = 23E1F8D3175B1B7900E19C6B /* CoreGraphics.framework */; };
		23E1F8DA175B1B7900E19C6B /* InfoPlist.strings in Resources */ = {isa = PBXBuildFile; fileRef = 23E1F8D8175B1B7900E19C6B /* InfoPlist.strings */; };
		23E1F8DC175B1B7900E19C6B /* main.m in Sources */ = {isa = PBXBuildFile; fileRef = 23E1F8DB175B1B7900E19C6B /* main.m */; };
		23E1F8E0175B1B7900E19C6B /* YQAppDelegate.m in Sources */ = {isa = PBXBuildFile; fileRef = 23E1F8DF175B1B7900E19C6B /* YQAppDelegate.m */; };
		23E1F8E2175B1B7900E19C6B /* Default.png in Resources */ = {isa = PBXBuildFile; fileRef = 23E1F8E1175B1B7900E19C6B /* Default.png */; };
		23E1F8E4175B1B7900E19C6B /* Default@2x.png in Resources */ = {isa = PBXBuildFile; fileRef = 23E1F8E3175B1B7900E19C6B /* Default@2x.png */; };
		23E1F8E6175B1B7900E19C6B /* Default-568h@2x.png in Resources */ = {isa = PBXBuildFile; fileRef = 23E1F8E5175B1B7900E19C6B /* Default-568h@2x.png */; };
		23E1F8E9175B1B7900E19C6B /* MainStoryboard.storyboard in Resources */ = {isa = PBXBuildFile; fileRef = 23E1F8E7175B1B7900E19C6B /* MainStoryboard.storyboard */; };
		23E1F8EC175B1B7900E19C6B /* YQViewController.m in Sources */ = {isa = PBXBuildFile; fileRef = 23E1F8EB175B1B7900E19C6B /* YQViewController.m */; };
		23E1F8F4175B1B9F00E19C6B /* 32x160.png in Resources */ = {isa = PBXBuildFile; fileRef = 23E1F8F3175B1B9F00E19C6B /* 32x160.png */; };
		23E1F8F8175B1DE200E19C6B /* YQVdiskSession.m in Sources */ = {isa = PBXBuildFile; fileRef = 23E1F8F7175B1DE200E19C6B /* YQVdiskSession.m */; };
		23E1F8FD175B242D00E19C6B /* YQKeyChain.m in Sources */ = {isa = PBXBuildFile; fileRef = 23E1F8FC175B242D00E19C6B /* YQKeyChain.m */; };
		23E1F8FF175B3F1900E19C6B /* Security.framework in Frameworks */ = {isa = PBXBuildFile; fileRef = 23E1F8FE175B3F1800E19C6B /* Security.framework */; };
		23E1F902175B462400E19C6B /* VdiskAuthorize.m in Sources */ = {isa = PBXBuildFile; fileRef = 23E1F901175B462400E19C6B /* VdiskAuthorize.m */; };
		23E1F905175B49A500E19C6B /* VdiskRequest.m in Sources */ = {isa = PBXBuildFile; fileRef = 23E1F904175B49A400E19C6B /* VdiskRequest.m */; };
		23E1F908175B663800E19C6B /* VdiskUtil.m in Sources */ = {isa = PBXBuildFile; fileRef = 23E1F907175B663800E19C6B /* VdiskUtil.m */; settings = {COMPILER_FLAGS = "-fno-objc-arc"; }; };
		23E1F90B175B67B400E19C6B /* VdiskAuthorizeWebView.m in Sources */ = {isa = PBXBuildFile; fileRef = 23E1F90A175B67B400E19C6B /* VdiskAuthorizeWebView.m */; };
		23E1F90E175B68B500E19C6B /* close.png in Resources */ = {isa = PBXBuildFile; fileRef = 23E1F90C175B68B500E19C6B /* close.png */; };
		23E1F90F175B68B500E19C6B /* close@2x.png in Resources */ = {isa = PBXBuildFile; fileRef = 23E1F90D175B68B500E19C6B /* close@2x.png */; };
		42E576F88482437482C62618 /* libPods.a in Frameworks */ = {isa = PBXBuildFile; fileRef = 612EA72F5E2840BAB8A1219C /* libPods.a */; };
/* End PBXBuildFile section */

/* Begin PBXFileReference section */
		23D1A1B4175CB88A00E20A60 /* VdiskError.h */ = {isa = PBXFileReference; fileEncoding = 4; lastKnownFileType = sourcecode.c.h; path = VdiskError.h; sourceTree = "<group>"; };
		23D1A1B5175CB88A00E20A60 /* VdiskError.m */ = {isa = PBXFileReference; fileEncoding = 4; lastKnownFileType = sourcecode.c.objc; path = VdiskError.m; sourceTree = "<group>"; };
		23D1A1B7175CBC8800E20A60 /* VdiskBase64.h */ = {isa = PBXFileReference; fileEncoding = 4; lastKnownFileType = sourcecode.c.h; path = VdiskBase64.h; sourceTree = "<group>"; };
		23D1A1B8175CBC8800E20A60 /* VdiskBase64.m */ = {isa = PBXFileReference; fileEncoding = 4; lastKnownFileType = sourcecode.c.objc; path = VdiskBase64.m; sourceTree = "<group>"; };
		23D1A1B9175CBC8800E20A60 /* VdiskBase64Defines.h */ = {isa = PBXFileReference; fileEncoding = 4; lastKnownFileType = sourcecode.c.h; path = VdiskBase64Defines.h; sourceTree = "<group>"; };
		23DABC51175EC5F50002D45A /* YQRestClient.h */ = {isa = PBXFileReference; fileEncoding = 4; lastKnownFileType = sourcecode.c.h; name = YQRestClient.h; path = Vdisk/YQRestClient.h; sourceTree = "<group>"; };
		23DABC52175EC5F50002D45A /* YQRestClient.m */ = {isa = PBXFileReference; fileEncoding = 4; lastKnownFileType = sourcecode.c.objc; name = YQRestClient.m; path = Vdisk/YQRestClient.m; sourceTree = "<group>"; };
		23DABC55175EC8270002D45A /* AccountInfo.h */ = {isa = PBXFileReference; fileEncoding = 4; lastKnownFileType = sourcecode.c.h; name = AccountInfo.h; path = Vdisk/Model/AccountInfo.h; sourceTree = "<group>"; };
		23DABC56175EC8270002D45A /* AccountInfo.m */ = {isa = PBXFileReference; fileEncoding = 4; lastKnownFileType = sourcecode.c.objc; name = AccountInfo.m; path = Vdisk/Model/AccountInfo.m; sourceTree = "<group>"; };
		23DABC7B175F43FD0002D45A /* VDiskClient.h */ = {isa = PBXFileReference; fileEncoding = 4; lastKnownFileType = sourcecode.c.h; name = VDiskClient.h; path = Vdisk/VDiskClient.h; sourceTree = "<group>"; };
		23DABC7C175F43FD0002D45A /* VDiskClient.m */ = {isa = PBXFileReference; fileEncoding = 4; lastKnownFileType = sourcecode.c.objc; name = VDiskClient.m; path = Vdisk/VDiskClient.m; sourceTree = "<group>"; };
		23DABCD7175F60DA0002D45A /* VdiskQuota.h */ = {isa = PBXFileReference; fileEncoding = 4; lastKnownFileType = sourcecode.c.h; path = VdiskQuota.h; sourceTree = "<group>"; };
		23DABCD8175F60DA0002D45A /* VdiskQuota.m */ = {isa = PBXFileReference; fileEncoding = 4; lastKnownFileType = sourcecode.c.objc; path = VdiskQuota.m; sourceTree = "<group>"; };
		23E1F8CC175B1B7900E19C6B /* YQSina.app */ = {isa = PBXFileReference; explicitFileType = wrapper.application; includeInIndex = 0; path = YQSina.app; sourceTree = BUILT_PRODUCTS_DIR; };
		23E1F8CF175B1B7900E19C6B /* UIKit.framework */ = {isa = PBXFileReference; lastKnownFileType = wrapper.framework; name = UIKit.framework; path = System/Library/Frameworks/UIKit.framework; sourceTree = SDKROOT; };
		23E1F8D1175B1B7900E19C6B /* Foundation.framework */ = {isa = PBXFileReference; lastKnownFileType = wrapper.framework; name = Foundation.framework; path = System/Library/Frameworks/Foundation.framework; sourceTree = SDKROOT; };
		23E1F8D3175B1B7900E19C6B /* CoreGraphics.framework */ = {isa = PBXFileReference; lastKnownFileType = wrapper.framework; name = CoreGraphics.framework; path = System/Library/Frameworks/CoreGraphics.framework; sourceTree = SDKROOT; };
		23E1F8D7175B1B7900E19C6B /* YQSina-Info.plist */ = {isa = PBXFileReference; lastKnownFileType = text.plist.xml; path = "YQSina-Info.plist"; sourceTree = "<group>"; };
		23E1F8D9175B1B7900E19C6B /* en */ = {isa = PBXFileReference; lastKnownFileType = text.plist.strings; name = en; path = en.lproj/InfoPlist.strings; sourceTree = "<group>"; };
		23E1F8DB175B1B7900E19C6B /* main.m */ = {isa = PBXFileReference; lastKnownFileType = sourcecode.c.objc; path = main.m; sourceTree = "<group>"; };
		23E1F8DD175B1B7900E19C6B /* YQSina-Prefix.pch */ = {isa = PBXFileReference; lastKnownFileType = sourcecode.c.h; path = "YQSina-Prefix.pch"; sourceTree = "<group>"; };
		23E1F8DE175B1B7900E19C6B /* YQAppDelegate.h */ = {isa = PBXFileReference; lastKnownFileType = sourcecode.c.h; path = YQAppDelegate.h; sourceTree = "<group>"; };
		23E1F8DF175B1B7900E19C6B /* YQAppDelegate.m */ = {isa = PBXFileReference; lastKnownFileType = sourcecode.c.objc; path = YQAppDelegate.m; sourceTree = "<group>"; };
		23E1F8E1175B1B7900E19C6B /* Default.png */ = {isa = PBXFileReference; lastKnownFileType = image.png; path = Default.png; sourceTree = "<group>"; };
		23E1F8E3175B1B7900E19C6B /* Default@2x.png */ = {isa = PBXFileReference; lastKnownFileType = image.png; path = "Default@2x.png"; sourceTree = "<group>"; };
		23E1F8E5175B1B7900E19C6B /* Default-568h@2x.png */ = {isa = PBXFileReference; lastKnownFileType = image.png; path = "Default-568h@2x.png"; sourceTree = "<group>"; };
		23E1F8E8175B1B7900E19C6B /* en */ = {isa = PBXFileReference; lastKnownFileType = file.storyboard; name = en; path = en.lproj/MainStoryboard.storyboard; sourceTree = "<group>"; };
		23E1F8EA175B1B7900E19C6B /* YQViewController.h */ = {isa = PBXFileReference; lastKnownFileType = sourcecode.c.h; path = YQViewController.h; sourceTree = "<group>"; };
		23E1F8EB175B1B7900E19C6B /* YQViewController.m */ = {isa = PBXFileReference; lastKnownFileType = sourcecode.c.objc; path = YQViewController.m; sourceTree = "<group>"; };
		23E1F8F3175B1B9F00E19C6B /* 32x160.png */ = {isa = PBXFileReference; lastKnownFileType = image.png; path = 32x160.png; sourceTree = "<group>"; };
		23E1F8F6175B1DE200E19C6B /* YQVdiskSession.h */ = {isa = PBXFileReference; fileEncoding = 4; lastKnownFileType = sourcecode.c.h; name = YQVdiskSession.h; path = Vdisk/YQVdiskSession.h; sourceTree = "<group>"; };
		23E1F8F7175B1DE200E19C6B /* YQVdiskSession.m */ = {isa = PBXFileReference; fileEncoding = 4; lastKnownFileType = sourcecode.c.objc; name = YQVdiskSession.m; path = Vdisk/YQVdiskSession.m; sourceTree = "<group>"; };
		23E1F8F9175B212B00E19C6B /* VidisGlobal.h */ = {isa = PBXFileReference; lastKnownFileType = sourcecode.c.h; path = VidisGlobal.h; sourceTree = "<group>"; };
		23E1F8FB175B242D00E19C6B /* YQKeyChain.h */ = {isa = PBXFileReference; fileEncoding = 4; lastKnownFileType = sourcecode.c.h; name = YQKeyChain.h; path = Vdisk/YQKeyChain.h; sourceTree = "<group>"; };
		23E1F8FC175B242D00E19C6B /* YQKeyChain.m */ = {isa = PBXFileReference; fileEncoding = 4; lastKnownFileType = sourcecode.c.objc; name = YQKeyChain.m; path = Vdisk/YQKeyChain.m; sourceTree = "<group>"; };
		23E1F8FE175B3F1800E19C6B /* Security.framework */ = {isa = PBXFileReference; lastKnownFileType = wrapper.framework; name = Security.framework; path = System/Library/Frameworks/Security.framework; sourceTree = SDKROOT; };
		23E1F900175B462400E19C6B /* VdiskAuthorize.h */ = {isa = PBXFileReference; fileEncoding = 4; lastKnownFileType = sourcecode.c.h; name = VdiskAuthorize.h; path = Vdisk/VdiskAuthorize.h; sourceTree = "<group>"; };
		23E1F901175B462400E19C6B /* VdiskAuthorize.m */ = {isa = PBXFileReference; fileEncoding = 4; lastKnownFileType = sourcecode.c.objc; name = VdiskAuthorize.m; path = Vdisk/VdiskAuthorize.m; sourceTree = "<group>"; };
		23E1F903175B49A400E19C6B /* VdiskRequest.h */ = {isa = PBXFileReference; fileEncoding = 4; lastKnownFileType = sourcecode.c.h; name = VdiskRequest.h; path = Vdisk/VdiskRequest.h; sourceTree = "<group>"; };
		23E1F904175B49A400E19C6B /* VdiskRequest.m */ = {isa = PBXFileReference; fileEncoding = 4; lastKnownFileType = sourcecode.c.objc; name = VdiskRequest.m; path = Vdisk/VdiskRequest.m; sourceTree = "<group>"; };
		23E1F906175B663800E19C6B /* VdiskUtil.h */ = {isa = PBXFileReference; fileEncoding = 4; lastKnownFileType = sourcecode.c.h; path = VdiskUtil.h; sourceTree = "<group>"; };
		23E1F907175B663800E19C6B /* VdiskUtil.m */ = {isa = PBXFileReference; fileEncoding = 4; lastKnownFileType = sourcecode.c.objc; path = VdiskUtil.m; sourceTree = "<group>"; };
		23E1F909175B67B400E19C6B /* VdiskAuthorizeWebView.h */ = {isa = PBXFileReference; fileEncoding = 4; lastKnownFileType = sourcecode.c.h; name = VdiskAuthorizeWebView.h; path = Vdisk/VdiskAuthorizeWebView.h; sourceTree = "<group>"; };
		23E1F90A175B67B400E19C6B /* VdiskAuthorizeWebView.m */ = {isa = PBXFileReference; fileEncoding = 4; lastKnownFileType = sourcecode.c.objc; name = VdiskAuthorizeWebView.m; path = Vdisk/VdiskAuthorizeWebView.m; sourceTree = "<group>"; };
		23E1F90C175B68B500E19C6B /* close.png */ = {isa = PBXFileReference; lastKnownFileType = image.png; path = close.png; sourceTree = "<group>"; };
		23E1F90D175B68B500E19C6B /* close@2x.png */ = {isa = PBXFileReference; lastKnownFileType = image.png; path = "close@2x.png"; sourceTree = "<group>"; };
		612EA72F5E2840BAB8A1219C /* libPods.a */ = {isa = PBXFileReference; explicitFileType = archive.ar; includeInIndex = 0; path = libPods.a; sourceTree = BUILT_PRODUCTS_DIR; };
		C9C7BF5353BA477E86B03306 /* Pods.xcconfig */ = {isa = PBXFileReference; includeInIndex = 1; lastKnownFileType = text.xcconfig; name = Pods.xcconfig; path = Pods/Pods.xcconfig; sourceTree = SOURCE_ROOT; };
/* End PBXFileReference section */

/* Begin PBXFrameworksBuildPhase section */
		23E1F8C9175B1B7900E19C6B /* Frameworks */ = {
			isa = PBXFrameworksBuildPhase;
			buildActionMask = 2147483647;
			files = (
				23E1F8FF175B3F1900E19C6B /* Security.framework in Frameworks */,
				23E1F8D0175B1B7900E19C6B /* UIKit.framework in Frameworks */,
				23E1F8D2175B1B7900E19C6B /* Foundation.framework in Frameworks */,
				23E1F8D4175B1B7900E19C6B /* CoreGraphics.framework in Frameworks */,
				42E576F88482437482C62618 /* libPods.a in Frameworks */,
			);
			runOnlyForDeploymentPostprocessing = 0;
		};
/* End PBXFrameworksBuildPhase section */

/* Begin PBXGroup section */
		23DABC54175EC7D80002D45A /* Model */ = {
			isa = PBXGroup;
			children = (
				23DABC55175EC8270002D45A /* AccountInfo.h */,
				23DABC56175EC8270002D45A /* AccountInfo.m */,
				23DABCD7175F60DA0002D45A /* VdiskQuota.h */,
				23DABCD8175F60DA0002D45A /* VdiskQuota.m */,
			);
			name = Model;
			sourceTree = "<group>";
		};
		23E1F8C3175B1B7900E19C6B = {
			isa = PBXGroup;
			children = (
				23E1F8D5175B1B7900E19C6B /* YQSina */,
				23E1F8CE175B1B7900E19C6B /* Frameworks */,
				23E1F8CD175B1B7900E19C6B /* Products */,
				C9C7BF5353BA477E86B03306 /* Pods.xcconfig */,
			);
			sourceTree = "<group>";
		};
		23E1F8CD175B1B7900E19C6B /* Products */ = {
			isa = PBXGroup;
			children = (
				23E1F8CC175B1B7900E19C6B /* YQSina.app */,
			);
			name = Products;
			sourceTree = "<group>";
		};
		23E1F8CE175B1B7900E19C6B /* Frameworks */ = {
			isa = PBXGroup;
			children = (
				23E1F8FE175B3F1800E19C6B /* Security.framework */,
				23E1F8CF175B1B7900E19C6B /* UIKit.framework */,
				23E1F8D1175B1B7900E19C6B /* Foundation.framework */,
				23E1F8D3175B1B7900E19C6B /* CoreGraphics.framework */,
				612EA72F5E2840BAB8A1219C /* libPods.a */,
			);
			name = Frameworks;
			sourceTree = "<group>";
		};
		23E1F8D5175B1B7900E19C6B /* YQSina */ = {
			isa = PBXGroup;
			children = (
				23E1F8F5175B1C3000E19C6B /* VDisk */,
				23E1F8DE175B1B7900E19C6B /* YQAppDelegate.h */,
				23E1F8DF175B1B7900E19C6B /* YQAppDelegate.m */,
				23E1F8E7175B1B7900E19C6B /* MainStoryboard.storyboard */,
				23E1F8EA175B1B7900E19C6B /* YQViewController.h */,
				23E1F8EB175B1B7900E19C6B /* YQViewController.m */,
				23E1F8D6175B1B7900E19C6B /* Supporting Files */,
			);
			path = YQSina;
			sourceTree = "<group>";
		};
		23E1F8D6175B1B7900E19C6B /* Supporting Files */ = {
			isa = PBXGroup;
			children = (
				23E1F8F2175B1B9700E19C6B /* Image */,
				23E1F8D7175B1B7900E19C6B /* YQSina-Info.plist */,
				23E1F8D8175B1B7900E19C6B /* InfoPlist.strings */,
				23E1F8DB175B1B7900E19C6B /* main.m */,
				23E1F8DD175B1B7900E19C6B /* YQSina-Prefix.pch */,
				23E1F8E1175B1B7900E19C6B /* Default.png */,
				23E1F8E3175B1B7900E19C6B /* Default@2x.png */,
				23E1F8E5175B1B7900E19C6B /* Default-568h@2x.png */,
			);
			name = "Supporting Files";
			sourceTree = "<group>";
		};
		23E1F8F2175B1B9700E19C6B /* Image */ = {
			isa = PBXGroup;
			children = (
				23E1F8F3175B1B9F00E19C6B /* 32x160.png */,
			);
			name = Image;
			sourceTree = "<group>";
		};
		23E1F8F5175B1C3000E19C6B /* VDisk */ = {
			isa = PBXGroup;
			children = (
				23DABC54175EC7D80002D45A /* Model */,
				23D1A1B7175CBC8800E20A60 /* VdiskBase64.h */,
				23D1A1B8175CBC8800E20A60 /* VdiskBase64.m */,
				23D1A1B9175CBC8800E20A60 /* VdiskBase64Defines.h */,
				23E1F8F6175B1DE200E19C6B /* YQVdiskSession.h */,
				23E1F8F7175B1DE200E19C6B /* YQVdiskSession.m */,
				23E1F8F9175B212B00E19C6B /* VidisGlobal.h */,
				23E1F8FB175B242D00E19C6B /* YQKeyChain.h */,
				23E1F8FC175B242D00E19C6B /* YQKeyChain.m */,
				23E1F900175B462400E19C6B /* VdiskAuthorize.h */,
				23E1F901175B462400E19C6B /* VdiskAuthorize.m */,
				23E1F903175B49A400E19C6B /* VdiskRequest.h */,
				23E1F904175B49A400E19C6B /* VdiskRequest.m */,
				23E1F906175B663800E19C6B /* VdiskUtil.h */,
				23E1F907175B663800E19C6B /* VdiskUtil.m */,
				23D1A1B4175CB88A00E20A60 /* VdiskError.h */,
				23D1A1B5175CB88A00E20A60 /* VdiskError.m */,
				23E1F909175B67B400E19C6B /* VdiskAuthorizeWebView.h */,
				23E1F90A175B67B400E19C6B /* VdiskAuthorizeWebView.m */,
				23DABC51175EC5F50002D45A /* YQRestClient.h */,
				23DABC52175EC5F50002D45A /* YQRestClient.m */,
				23DABC7B175F43FD0002D45A /* VDiskClient.h */,
				23DABC7C175F43FD0002D45A /* VDiskClient.m */,
				23E1F90C175B68B500E19C6B /* close.png */,
				23E1F90D175B68B500E19C6B /* close@2x.png */,
			);
			name = VDisk;
			sourceTree = "<group>";
		};
/* End PBXGroup section */

/* Begin PBXNativeTarget section */
		23E1F8CB175B1B7900E19C6B /* YQSina */ = {
			isa = PBXNativeTarget;
			buildConfigurationList = 23E1F8EF175B1B7900E19C6B /* Build configuration list for PBXNativeTarget "YQSina" */;
			buildPhases = (
				5782C9D038CB46178DAE0A43 /* Check Pods Manifest.lock */,
				23E1F8C8175B1B7900E19C6B /* Sources */,
				23E1F8C9175B1B7900E19C6B /* Frameworks */,
				23E1F8CA175B1B7900E19C6B /* Resources */,
				96ECD0171F14412BBD6B9744 /* Copy Pods Resources */,
			);
			buildRules = (
			);
			dependencies = (
			);
			name = YQSina;
			productName = YQSina;
			productReference = 23E1F8CC175B1B7900E19C6B /* YQSina.app */;
			productType = "com.apple.product-type.application";
		};
/* End PBXNativeTarget section */

/* Begin PBXProject section */
		23E1F8C4175B1B7900E19C6B /* Project object */ = {
			isa = PBXProject;
			attributes = {
				CLASSPREFIX = YQ;
				LastUpgradeCheck = 0460;
				ORGANIZATIONNAME = "开源强则中国强";
			};
			buildConfigurationList = 23E1F8C7175B1B7900E19C6B /* Build configuration list for PBXProject "YQSina" */;
			compatibilityVersion = "Xcode 3.2";
			developmentRegion = English;
			hasScannedForEncodings = 0;
			knownRegions = (
				en,
			);
			mainGroup = 23E1F8C3175B1B7900E19C6B;
			productRefGroup = 23E1F8CD175B1B7900E19C6B /* Products */;
			projectDirPath = "";
			projectRoot = "";
			targets = (
				23E1F8CB175B1B7900E19C6B /* YQSina */,
			);
		};
/* End PBXProject section */

/* Begin PBXResourcesBuildPhase section */
		23E1F8CA175B1B7900E19C6B /* Resources */ = {
			isa = PBXResourcesBuildPhase;
			buildActionMask = 2147483647;
			files = (
				23E1F8DA175B1B7900E19C6B /* InfoPlist.strings in Resources */,
				23E1F8E2175B1B7900E19C6B /* Default.png in Resources */,
				23E1F8E4175B1B7900E19C6B /* Default@2x.png in Resources */,
				23E1F8E6175B1B7900E19C6B /* Default-568h@2x.png in Resources */,
				23E1F8E9175B1B7900E19C6B /* MainStoryboard.storyboard in Resources */,
				23E1F8F4175B1B9F00E19C6B /* 32x160.png in Resources */,
				23E1F90E175B68B500E19C6B /* close.png in Resources */,
				23E1F90F175B68B500E19C6B /* close@2x.png in Resources */,
			);
			runOnlyForDeploymentPostprocessing = 0;
		};
/* End PBXResourcesBuildPhase section */

/* Begin PBXShellScriptBuildPhase section */
		5782C9D038CB46178DAE0A43 /* Check Pods Manifest.lock */ = {
			isa = PBXShellScriptBuildPhase;
			buildActionMask = 2147483647;
			files = (
			);
			inputPaths = (
			);
			name = "Check Pods Manifest.lock";
			outputPaths = (
			);
			runOnlyForDeploymentPostprocessing = 0;
			shellPath = /bin/sh;
			shellScript = "diff \"${PODS_ROOT}/../Podfile.lock\" \"${PODS_ROOT}/Manifest.lock\" > /dev/null\nif [[ $? != 0 ]] ; then\n    cat << EOM\nerror: The sandbox is not in sync with the Podfile.lock. Run 'pod install' or update your CocoaPods installation.\nEOM\n    exit 1\nfi\n";
		};
		96ECD0171F14412BBD6B9744 /* Copy Pods Resources */ = {
			isa = PBXShellScriptBuildPhase;
			buildActionMask = 2147483647;
			files = (
			);
			inputPaths = (
			);
			name = "Copy Pods Resources";
			outputPaths = (
			);
			runOnlyForDeploymentPostprocessing = 0;
			shellPath = /bin/sh;
			shellScript = "\"${SRCROOT}/Pods/Pods-resources.sh\"\n";
		};
/* End PBXShellScriptBuildPhase section */

/* Begin PBXSourcesBuildPhase section */
		23E1F8C8175B1B7900E19C6B /* Sources */ = {
			isa = PBXSourcesBuildPhase;
			buildActionMask = 2147483647;
			files = (
				23E1F8DC175B1B7900E19C6B /* main.m in Sources */,
				23E1F8E0175B1B7900E19C6B /* YQAppDelegate.m in Sources */,
				23E1F8EC175B1B7900E19C6B /* YQViewController.m in Sources */,
				23E1F8F8175B1DE200E19C6B /* YQVdiskSession.m in Sources */,
				23E1F8FD175B242D00E19C6B /* YQKeyChain.m in Sources */,
				23E1F902175B462400E19C6B /* VdiskAuthorize.m in Sources */,
				23E1F905175B49A500E19C6B /* VdiskRequest.m in Sources */,
				23E1F908175B663800E19C6B /* VdiskUtil.m in Sources */,
				23E1F90B175B67B400E19C6B /* VdiskAuthorizeWebView.m in Sources */,
				23D1A1B6175CB88A00E20A60 /* VdiskError.m in Sources */,
				23D1A1BA175CBC8800E20A60 /* VdiskBase64.m in Sources */,
				23DABC53175EC5F50002D45A /* YQRestClient.m in Sources */,
				23DABC57175EC8270002D45A /* AccountInfo.m in Sources */,
				23DABC7D175F43FD0002D45A /* VDiskClient.m in Sources */,
				23DABCD9175F60DB0002D45A /* VdiskQuota.m in Sources */,
			);
			runOnlyForDeploymentPostprocessing = 0;
		};
/* End PBXSourcesBuildPhase section */

/* Begin PBXVariantGroup section */
		23E1F8D8175B1B7900E19C6B /* InfoPlist.strings */ = {
			isa = PBXVariantGroup;
			children = (
				23E1F8D9175B1B7900E19C6B /* en */,
			);
			name = InfoPlist.strings;
			sourceTree = "<group>";
		};
		23E1F8E7175B1B7900E19C6B /* MainStoryboard.storyboard */ = {
			isa = PBXVariantGroup;
			children = (
				23E1F8E8175B1B7900E19C6B /* en */,
			);
			name = MainStoryboard.storyboard;
			sourceTree = "<group>";
		};
/* End PBXVariantGroup section */

/* Begin XCBuildConfiguration section */
		23E1F8ED175B1B7900E19C6B /* Debug */ = {
			isa = XCBuildConfiguration;
			buildSettings = {
				ALWAYS_SEARCH_USER_PATHS = NO;
				CLANG_CXX_LANGUAGE_STANDARD = "gnu++0x";
				CLANG_CXX_LIBRARY = "libc++";
				CLANG_ENABLE_OBJC_ARC = YES;
				CLANG_WARN_CONSTANT_CONVERSION = YES;
				CLANG_WARN_EMPTY_BODY = YES;
				CLANG_WARN_ENUM_CONVERSION = YES;
				CLANG_WARN_INT_CONVERSION = YES;
				CLANG_WARN__DUPLICATE_METHOD_MATCH = YES;
				"CODE_SIGN_IDENTITY[sdk=iphoneos*]" = "iPhone Developer";
				COPY_PHASE_STRIP = NO;
				GCC_C_LANGUAGE_STANDARD = gnu99;
				GCC_DYNAMIC_NO_PIC = NO;
				GCC_OPTIMIZATION_LEVEL = 0;
				GCC_PREPROCESSOR_DEFINITIONS = (
					"DEBUG=1",
					"$(inherited)",
				);
				GCC_SYMBOLS_PRIVATE_EXTERN = NO;
				GCC_WARN_ABOUT_RETURN_TYPE = YES;
				GCC_WARN_UNINITIALIZED_AUTOS = YES;
				GCC_WARN_UNUSED_VARIABLE = YES;
				IPHONEOS_DEPLOYMENT_TARGET = 6.1;
				ONLY_ACTIVE_ARCH = YES;
				SDKROOT = iphoneos;
			};
			name = Debug;
		};
		23E1F8EE175B1B7900E19C6B /* Release */ = {
			isa = XCBuildConfiguration;
			buildSettings = {
				ALWAYS_SEARCH_USER_PATHS = NO;
				CLANG_CXX_LANGUAGE_STANDARD = "gnu++0x";
				CLANG_CXX_LIBRARY = "libc++";
				CLANG_ENABLE_OBJC_ARC = YES;
				CLANG_WARN_CONSTANT_CONVERSION = YES;
				CLANG_WARN_EMPTY_BODY = YES;
				CLANG_WARN_ENUM_CONVERSION = YES;
				CLANG_WARN_INT_CONVERSION = YES;
				CLANG_WARN__DUPLICATE_METHOD_MATCH = YES;
				"CODE_SIGN_IDENTITY[sdk=iphoneos*]" = "iPhone Developer";
				COPY_PHASE_STRIP = YES;
				GCC_C_LANGUAGE_STANDARD = gnu99;
				GCC_WARN_ABOUT_RETURN_TYPE = YES;
				GCC_WARN_UNINITIALIZED_AUTOS = YES;
				GCC_WARN_UNUSED_VARIABLE = YES;
				IPHONEOS_DEPLOYMENT_TARGET = 6.1;
				OTHER_CFLAGS = "-DNS_BLOCK_ASSERTIONS=1";
				SDKROOT = iphoneos;
				VALIDATE_PRODUCT = YES;
			};
			name = Release;
		};
		23E1F8F0175B1B7900E19C6B /* Debug */ = {
			isa = XCBuildConfiguration;
			baseConfigurationReference = C9C7BF5353BA477E86B03306 /* Pods.xcconfig */;
			buildSettings = {
				GCC_PRECOMPILE_PREFIX_HEADER = YES;
				GCC_PREFIX_HEADER = "YQSina/YQSina-Prefix.pch";
				INFOPLIST_FILE = "YQSina/YQSina-Info.plist";
				PRODUCT_NAME = "$(TARGET_NAME)";
				WRAPPER_EXTENSION = app;
			};
			name = Debug;
		};
		23E1F8F1175B1B7900E19C6B /* Release */ = {
			isa = XCBuildConfiguration;
			baseConfigurationReference = C9C7BF5353BA477E86B03306 /* Pods.xcconfig */;
			buildSettings = {
				GCC_PRECOMPILE_PREFIX_HEADER = YES;
				GCC_PREFIX_HEADER = "YQSina/YQSina-Prefix.pch";
				INFOPLIST_FILE = "YQSina/YQSina-Info.plist";
				PRODUCT_NAME = "$(TARGET_NAME)";
				WRAPPER_EXTENSION = app;
			};
			name = Release;
		};
/* End XCBuildConfiguration section */

/* Begin XCConfigurationList section */
		23E1F8C7175B1B7900E19C6B /* Build configuration list for PBXProject "YQSina" */ = {
			isa = XCConfigurationList;
			buildConfigurations = (
				23E1F8ED175B1B7900E19C6B /* Debug */,
				23E1F8EE175B1B7900E19C6B /* Release */,
			);
			defaultConfigurationIsVisible = 0;
			defaultConfigurationName = Release;
		};
		23E1F8EF175B1B7900E19C6B /* Build configuration list for PBXNativeTarget "YQSina" */ = {
			isa = XCConfigurationList;
			buildConfigurations = (
				23E1F8F0175B1B7900E19C6B /* Debug */,
				23E1F8F1175B1B7900E19C6B /* Release */,
			);
			defaultConfigurationIsVisible = 0;
			defaultConfigurationName = Release;
		};
/* End XCConfigurationList section */
	};
	rootObject = 23E1F8C4175B1B7900E19C6B /* Project object */;
}
